
Microsoft Visual Studio Solution File, Format Version 12.00
# Visual Studio Version 17
VisualStudioVersion = 17.0.32014.148
MinimumVisualStudioVersion = 10.0.40219.1
Project("{FAE04EC0-301F-11D3-BF4B-00C04F79EFBC}") = "MyFirstAzureWebApp", "MyFirstAzureWebApp\MyFirstAzureWebApp.csproj", "{37B6A1DF-0D08-4FF1-9250-F50BA98BABE4}"
EndProject
Global
	GlobalSection(SolutionConfigurationPlatforms) = preSolution
		Debug|Any CPU = Debug|Any CPU
		Release|Any CPU = Release|Any CPU
	EndGlobalSection
	GlobalSection(ProjectConfigurationPlatforms) = postSolution
		{37B6A1DF-0D08-4FF1-9250-F50BA98BABE4}.Debug|Any CPU.ActiveCfg = Debug|Any CPU
		{37B6A1DF-0D08-4FF1-9250-F50BA98BABE4}.Debug|Any CPU.Build.0 = Debug|Any CPU
		{37B6A1DF-0D08-4FF1-9250-F50BA98BABE4}.Release|Any CPU.ActiveCfg = Release|Any CPU
		{37B6A1DF-0D08-4FF1-9250-F50BA98BABE4}.Release|Any CPU.Build.0 = Release|Any CPU
	EndGlobalSection
	GlobalSection(SolutionProperties) = preSolution
		HideSolutionNode = FALSE
	EndGlobalSection
	GlobalSection(ExtensibilityGlobals) = postSolution
		SolutionGuid = {C5DA9658-16F7-4D0B-867B-D5E1971C1603}
	EndGlobalSection
EndGlobal
